PODS:
  - AFNetworking (3.1.0):
    - AFNetworking/NSURLSession (= 3.1.0)
    - AFNetworking/Reachability (= 3.1.0)
    - AFNetworking/Security (= 3.1.0)
    - AFNetworking/Serialization (= 3.1.0)
    - AFNetworking/UIKit (= 3.1.0)
  - AFNetworking/NSURLSession (3.1.0):
    - AFNetworking/Reachability
    - AFNetworking/Security
    - AFNetworking/Serialization
  - AFNetworking/Reachability (3.1.0)
  - AFNetworking/Security (3.1.0)
  - AFNetworking/Serialization (3.1.0)
  - AFNetworking/UIKit (3.1.0):
    - AFNetworking/NSURLSession
  - EMSocialKit (1.0.2)
  - EMSpeed/Core (0.4.7)
  - EMSpeed/MSContext (0.4.7)
  - EMSpeed/UIKit/Core (0.4.7):
    - EMSpeed/Core
    - Masonry
  - EMSpeed/UIKit/FontAwesome+iOS (0.4.7):
    - EMSpeed/Core
  - EMSpeed/UIKit/UIColors (0.4.7):
    - EMSpeed/UIKit/Core
  - EMSpeed/UIKit/UIKitCollections (0.4.7):
    - EMSpeed/MSContext
    - EMSpeed/UIKit/Core
    - EMSpeed/UIKit/UIColors
  - JLRoutes (2.0.5)
  - JRSwizzle (1.0)
  - Masonry (1.1.0)
  - MSAppModuleKit (1.1.3):
    - MSRoutes (~> 1.2)
  - MSAppModuleShare/Core (1.0.0-beta.3):
    - EMSocialKit (~> 1.0.0)
    - EMSpeed/Core
    - MSAppModuleKit (~> 1.0)
    - SDWebImage (~> 3.8)
  - MSAppModuleShare/JSBridgeModuleShare (1.0.0-beta.3):
    - MSAppModuleShare/Core
    - MSAppModuleWebApp/WebAppBaseJSModule
    - MSAppModuleWebApp/WebViewController
  - MSAppModuleWebApp (0.2.6):
    - MSAppModuleWebApp/EMStockJSModules (= 0.2.6)
    - MSAppModuleWebApp/WebViewController (= 0.2.6)
  - MSAppModuleWebApp/EMStockJSModules (0.2.6):
    - MSAppModuleWebApp/WebAppBaseJSModule
  - MSAppModuleWebApp/WebAppBaseJSModule (0.2.6):
    - MSAppModuleWebApp/WebViewController
  - MSAppModuleWebApp/WebBridgeCore (0.2.6):
    - MSAppModuleWebApp/WebView
    - WebViewJavascriptBridge (~> 6.0)
  - MSAppModuleWebApp/WebControllerTheme (0.2.6):
    - MSThemeKit (~> 1.0.0.beta.3)
  - MSAppModuleWebApp/WebView (0.2.6):
    - JRSwizzle (~> 1.0)
  - MSAppModuleWebApp/WebViewController (0.2.6):
    - AFNetworking (~> 3.1.0)
    - EMSpeed/UIKit/Core
    - EMSpeed/UIKit/FontAwesome+iOS
    - EMSpeed/UIKit/UIKitCollections
    - Masonry
    - MSAppModuleKit (~> 1.0)
    - MSAppModuleWebApp/WebBridgeCore
    - MSAppModuleWebApp/WebControllerTheme
    - MSAppModuleWebApp/WebView
    - RDVTabBarController
    - SDWebImage
    - UIColor-HexString (~> 1.1.0)
    - UIImage+RTTint (~> 1.0.0)
  - MSRoutes (1.2.2):
    - MSRoutes/RouteFinder (= 1.2.2)
    - MSRoutes/Routes (= 1.2.2)
  - MSRoutes/RouteFinder (1.2.2):
    - JLRoutes
  - MSRoutes/Routes (1.2.2):
    - MSRoutes/RouteFinder
  - MSThemeKit (1.0.1):
    - MSThemeKit/Core (= 1.0.1)
    - MSThemeKit/UIKit (= 1.0.1)
  - MSThemeKit/Core (1.0.1)
  - MSThemeKit/UIKit (1.0.1):
    - MSThemeKit/Core
  - MSThemeModuleCommon (1.0.0-beta.13):
    - MSThemeKit (~> 1.0-beta.4)
  - RDVTabBarController (1.2.1)
  - SDWebImage (3.8.2):
    - SDWebImage/Core (= 3.8.2)
  - SDWebImage/Core (3.8.2)
  - UIColor-HexString (1.1.0)
  - UIImage+RTTint (1.0.0)
  - UIImage-Helpers (0.0.3)
  - WebViewJavascriptBridge (6.0.2)

DEPENDENCIES:
  - MSAppModuleShare/JSBridgeModuleShare (from `http://ph.benemind.com/diffusion/MDLSHARE/msappmoduleshare.git`, branch `EmoneyDev`)
  - MSAppModuleWebApp (from `../`)
  - MSThemeModuleCommon (~> 1.0.0-beta.13)
  - UIImage-Helpers

EXTERNAL SOURCES:
  MSAppModuleShare:
    :branch: EmoneyDev
    :git: http://ph.benemind.com/diffusion/MDLSHARE/msappmoduleshare.git
  MSAppModuleWebApp:
    :path: "../"

CHECKOUT OPTIONS:
  MSAppModuleShare:
    :commit: 903cd704f4380a87e923209c32822c2e308df6cc
    :git: http://ph.benemind.com/diffusion/MDLSHARE/msappmoduleshare.git

SPEC CHECKSUMS:
  AFNetworking: 5e0e199f73d8626b11e79750991f5d173d1f8b67
  EMSocialKit: d92965e124f7700171425f48f94e1904ea9fe1de
  EMSpeed: 8c603020c15f9bb960d5946548862a4f52438d7c
  JLRoutes: 2a5ee61d739b51a98c9d8112bee5149a19de8854
  JRSwizzle: dd5ead5d913a0f29e7f558200165849f006bb1e3
  Masonry: 678fab65091a9290e40e2832a55e7ab731aad201
  MSAppModuleKit: fdaec07926e261eb9e2c8e850d1ddde8b3a680c4
  MSAppModuleShare: ce34b12ba7055a256c04d59a53254aee4f59561a
  MSAppModuleWebApp: d50c849376a89fd4b84b9dba17f1be4a3419f30f
  MSRoutes: 152fe9dde6ca63ac708cba229c06a5096c6bdfe2
  MSThemeKit: e254f898033c319eebc2aa6c045ec1b36a51e34c
  MSThemeModuleCommon: f04284f0cdd309c96de4cfd03da21b0e31e16fda
  RDVTabBarController: 7ce1deb3c1bb00f82a8274501f419cf7571e205e
  SDWebImage: 098e97e6176540799c27e804c96653ee0833d13c
  UIColor-HexString: f8a5612bd6772fed8db58ee594b42a0b2831750e
  UIImage+RTTint: b274eeaefaba631e4527317768d3590345267e51
  UIImage-Helpers: 06b04a42bdd222844035602e87e936765c80f620
  WebViewJavascriptBridge: 791ee0e26d1bf15efe5fb7fb9666a71a19b89d77

PODFILE CHECKSUM: e6c614a164b8836e0f12bd066a09593fb4383018

COCOAPODS: 1.2.1
