PODS:
  - EMSocialKit (1.0.0-beta.5)
  - EMSpeed/Core (0.4.5)
  - EMSpeed/MSContext (0.4.5)
  - EMSpeed/UIKit/Core (0.4.5):
    - EMSpeed/Core
    - Masonry
  - EMSpeed/UIKit/FontAwesome+iOS (0.4.5):
    - EMSpeed/Core
  - EMSpeed/UIKit/UIColors (0.4.5):
    - EMSpeed/UIKit/Core
  - EMSpeed/UIKit/UIKitCollections (0.4.5):
    - EMSpeed/MSContext
    - EMSpeed/UIKit/Core
    - EMSpeed/UIKit/UIColors
  - JLRoutes (2.0.3)
  - Masonry (1.0.2)
  - MSAppModuleKit (1.1.1):
    - MSRoutes (~> 1.2)
  - MSAppModuleShare (1.0.0-beta.2):
    - EMSocialKit (~> 1.0.0-beta.5)
    - EMSpeed/Core
    - MSAppModuleKit (~> 1.0)
    - SDWebImage (~> 3.8.2)
  - MSAppModuleWebApp (1.0.0-beta.2):
    - MSAppModuleWebApp/EMStockJSModules (= 1.0.0-beta.2)
    - MSAppModuleWebApp/WebViewController (= 1.0.0-beta.2)
  - MSAppModuleWebApp/EMStockJSModules (1.0.0-beta.2):
    - MSAppModuleWebApp/WebAppBaseJSModule
  - MSAppModuleWebApp/WebAppBaseJSModule (1.0.0-beta.2):
    - MSAppModuleWebApp/WebViewController
  - MSAppModuleWebApp/WebBridgeCore (1.0.0-beta.2):
    - MSAppModuleWebApp/WebView
    - WebViewJavascriptBridge (~> 5.0)
  - MSAppModuleWebApp/WebControllerTheme (1.0.0-beta.2):
    - MSThemeKit (~> 1.0.0.beta.3)
  - MSAppModuleWebApp/WebView (1.0.0-beta.2)
  - MSAppModuleWebApp/WebViewController (1.0.0-beta.2):
    - EMSpeed/UIKit/Core
    - EMSpeed/UIKit/FontAwesome+iOS
    - EMSpeed/UIKit/UIKitCollections
    - Masonry
    - MSAppModuleKit (~> 1.0)
    - MSAppModuleShare (~> 1.0-beta.1)
    - MSAppModuleWebApp/WebBridgeCore
    - MSAppModuleWebApp/WebControllerTheme
    - MSAppModuleWebApp/WebView
    - RDVTabBarController
    - SDWebImage
    - UIColor-HexString (~> 1.1.0)
    - UIImage+RTTint (~> 1.0.0)
  - MSRoutes (1.2.1):
    - JLRoutes
  - MSThemeKit (1.0.0-beta.6):
    - MSThemeKit/Core (= 1.0.0-beta.6)
    - MSThemeKit/UIKit (= 1.0.0-beta.6)
  - MSThemeKit/Core (1.0.0-beta.6)
  - MSThemeKit/UIKit (1.0.0-beta.6):
    - MSThemeKit/Core
  - RDVTabBarController (1.2.1)
  - SDWebImage (3.8.2):
    - SDWebImage/Core (= 3.8.2)
  - SDWebImage/Core (3.8.2)
  - UIColor-HexString (1.1.0)
  - UIImage+RTTint (1.0.0)
  - UIImage-Helpers (0.0.3)
  - WebViewJavascriptBridge (5.2.0)

DEPENDENCIES:
  - MSAppModuleWebApp (from `../`)
  - UIImage-Helpers

EXTERNAL SOURCES:
  MSAppModuleWebApp:
    :path: "../"

SPEC CHECKSUMS:
  EMSocialKit: dbe88b97a8ee82a26a0721b397e9ea228bf20fc7
  EMSpeed: 2d0213f02798bd9d059a75f9d9c4858962d99f78
  JLRoutes: 50e953f029b8bdb5720d360709a33cc0aed55579
  Masonry: 7c429b56da9d4ee0bbb3ed77a5ea710d6a5df39e
  MSAppModuleKit: 18fd80ea6a456a47878ce460841b3016d269707d
  MSAppModuleShare: 55ca575894541e88b9dd31f777dd3c455714d5b3
  MSAppModuleWebApp: fe082e1347fb78495f05fe01ec31326df293a7d2
  MSRoutes: 5d0b51981715397fd815dab2f9bc7790b5c07f44
  MSThemeKit: 764b2c9293b93d36b8320cf41acf2ad76f3d36c9
  RDVTabBarController: 7ce1deb3c1bb00f82a8274501f419cf7571e205e
  SDWebImage: 098e97e6176540799c27e804c96653ee0833d13c
  UIColor-HexString: f8a5612bd6772fed8db58ee594b42a0b2831750e
  UIImage+RTTint: b274eeaefaba631e4527317768d3590345267e51
  UIImage-Helpers: 06b04a42bdd222844035602e87e936765c80f620
  WebViewJavascriptBridge: a00b2d61252aec5207e3263d46fd0fd3cfaf7895

PODFILE CHECKSUM: 386234de8423488ded3abd6de7e7e463833b00b8

COCOAPODS: 1.1.1
