PODS:
  - AFNetworking (3.1.0):
    - AFNetworking/NSURLSession (= 3.1.0)
    - AFNetworking/Reachability (= 3.1.0)
    - AFNetworking/Security (= 3.1.0)
    - AFNetworking/Serialization (= 3.1.0)
    - AFNetworking/UIKit (= 3.1.0)
  - AFNetworking/NSURLSession (3.1.0):
    - AFNetworking/Reachability
    - AFNetworking/Security
    - AFNetworking/Serialization
  - AFNetworking/Reachability (3.1.0)
  - AFNetworking/Security (3.1.0)
  - AFNetworking/Serialization (3.1.0)
  - AFNetworking/UIKit (3.1.0):
    - AFNetworking/NSURLSession
  - Aspects (1.4.1)
  - EMClick (0.2.6):
    - EMClick/Basic (= 0.2.6)
  - EMClick/Basic (0.2.6):
    - AFNetworking
    - Aspects (~> 1.4.1)
    - EMSpeed/Network
    - EMSpeed/UIKit/Core
    - YRJSONAdapter (~> 1.0.1)
  - EMSocialKit (1.0.0)
  - EMSpeed/Core (0.4.5)
  - EMSpeed/MSContext (0.4.5)
  - EMSpeed/Network (0.4.5):
    - AFNetworking
    - EMSpeed/UIKit/Core
  - EMSpeed/UIKit/Core (0.4.5):
    - EMSpeed/Core
    - Masonry
  - EMSpeed/UIKit/FontAwesome+iOS (0.4.5):
    - EMSpeed/Core
  - EMSpeed/UIKit/UIColors (0.4.5):
    - EMSpeed/UIKit/Core
  - EMSpeed/UIKit/UIKitCollections (0.4.5):
    - EMSpeed/MSContext
    - EMSpeed/UIKit/Core
    - EMSpeed/UIKit/UIColors
  - Expecta (1.0.5)
  - JLRoutes (2.0)
  - Masonry (1.0.2)
  - MSAppModuleKit (1.1.1):
    - MSRoutes (~> 1.2)
  - MSAppModuleShare (0.1.4):
    - EMSocialKit
    - EMSpeed/Core
    - MSAppModuleKit
    - SDWebImage
  - MSAppModuleWebApp (0.2.6):
    - MSAppModuleWebApp/WebBridgeCore (= 0.2.6)
    - MSAppModuleWebApp/WebViewController (= 0.2.6)
  - MSAppModuleWebApp/WebBridgeCore (0.2.6):
    - WebViewJavascriptBridge
  - MSAppModuleWebApp/WebViewController (0.2.6):
    - EMClick
    - EMSpeed/UIKit/Core
    - EMSpeed/UIKit/FontAwesome+iOS
    - EMSpeed/UIKit/UIKitCollections
    - Masonry
    - MSAppModuleKit
    - MSAppModuleShare
    - MSAppModuleWebApp/WebBridgeCore
    - MSThemeKit
    - RDVTabBarController
    - SDWebImage
    - UIColor-HexString (~> 1.1.0)
    - UIImage+RTTint (~> 1.0.0)
  - MSRoutes (1.2.1):
    - JLRoutes
  - MSThemeKit (0.1.4):
    - UIColor-HexString (~> 1.1.0)
  - RDVTabBarController (1.1.9)
  - SDWebImage (4.0.0):
    - SDWebImage/Core (= 4.0.0)
  - SDWebImage/Core (4.0.0)
  - Specta (1.0.6)
  - UIColor-HexString (1.1.0)
  - UIImage+RTTint (1.0.0)
  - WebViewJavascriptBridge (6.0.2)
  - YRJSONAdapter (1.0.1)

DEPENDENCIES:
  - EMSocialKit (from `http://ph.benemind.com/diffusion/EMSK/emsocialkit-ios.git`)
  - Expecta
  - MSAppModuleWebApp (from `../`)
  - Specta

EXTERNAL SOURCES:
  EMSocialKit:
    :git: http://ph.benemind.com/diffusion/EMSK/emsocialkit-ios.git
  MSAppModuleWebApp:
    :path: ../

CHECKOUT OPTIONS:
  EMSocialKit:
    :commit: cc6b68b3ff63086cd8160482f6dc36f2cea688a9
    :git: http://ph.benemind.com/diffusion/EMSK/emsocialkit-ios.git

SPEC CHECKSUMS:
  AFNetworking: 5e0e199f73d8626b11e79750991f5d173d1f8b67
  Aspects: 7595ba96a6727a58ebcbfc954497fc5d2fdde546
  EMClick: 7446d15b4cd543a943647d5a65392441db3651f2
  EMSocialKit: 1eed86be3f1b16dd4f28393c44b3ba4069d02ce8
  EMSpeed: 2d0213f02798bd9d059a75f9d9c4858962d99f78
  Expecta: e1c022fcd33910b6be89c291d2775b3fe27a89fe
  JLRoutes: 0bead23690bafa726e1528aa6459a56c9b81cb5e
  Masonry: 7c429b56da9d4ee0bbb3ed77a5ea710d6a5df39e
  MSAppModuleKit: 18fd80ea6a456a47878ce460841b3016d269707d
  MSAppModuleShare: 24f48f18e6684d01e39e7235b9f9857775a384bf
  MSAppModuleWebApp: fac876e72e6acd34be58d6e67d3097964d5eb934
  MSRoutes: 5d0b51981715397fd815dab2f9bc7790b5c07f44
  MSThemeKit: 4c23a62794faace8be56c2dc53fa16d2daece39b
  RDVTabBarController: 67794f7a7a37f8e32f046f85ac67d06ab92d624a
  SDWebImage: 76a6348bdc74eb5a55dd08a091ef298e56b55e41
  Specta: f506f3a8361de16bc0dcf3b17b75e269072ba465
  UIColor-HexString: f8a5612bd6772fed8db58ee594b42a0b2831750e
  UIImage+RTTint: b274eeaefaba631e4527317768d3590345267e51
  WebViewJavascriptBridge: 791ee0e26d1bf15efe5fb7fb9666a71a19b89d77
  YRJSONAdapter: 55956d3e6f6b6eadf05e734914b8d29afa0fc06b

PODFILE CHECKSUM: 6a598e77e54d8fbf4b2de4334e7747ffc507b6cc

COCOAPODS: 1.2.0
